
Microsoft Visual Studio Solution File, Format Version 12.00
# Visual Studio Version 17
VisualStudioVersion = 17.13.35919.96 d17.13
MinimumVisualStudioVersion = 10.0.40219.1
Project("{FAE04EC0-301F-11D3-BF4B-00C04F79EFBC}") = "0408_소켓프로그래밍", "0408_소켓프로그래밍\0408_소켓프로그래밍.csproj", "{684950D8-A460-4A5F-A55A-F49B8786DAE8}"
EndProject
Global
	GlobalSection(SolutionConfigurationPlatforms) = preSolution
		Debug|Any CPU = Debug|Any CPU
		Release|Any CPU = Release|Any CPU
	EndGlobalSection
	GlobalSection(ProjectConfigurationPlatforms) = postSolution
		{684950D8-A460-4A5F-A55A-F49B8786DAE8}.Debug|Any CPU.ActiveCfg = Debug|Any CPU
		{684950D8-A460-4A5F-A55A-F49B8786DAE8}.Debug|Any CPU.Build.0 = Debug|Any CPU
		{684950D8-A460-4A5F-A55A-F49B8786DAE8}.Release|Any CPU.ActiveCfg = Release|Any CPU
		{684950D8-A460-4A5F-A55A-F49B8786DAE8}.Release|Any CPU.Build.0 = Release|Any CPU
	EndGlobalSection
	GlobalSection(SolutionProperties) = preSolution
		HideSolutionNode = FALSE
	EndGlobalSection
	GlobalSection(ExtensibilityGlobals) = postSolution
		SolutionGuid = {39F816DE-C776-43B9-950E-22695EDDC7BE}
	EndGlobalSection
EndGlobal
