
Microsoft Visual Studio Solution File, Format Version 12.00
# Visual Studio Version 17
VisualStudioVersion = 17.13.35919.96 d17.13
MinimumVisualStudioVersion = 10.0.40219.1
Project("{FAE04EC0-301F-11D3-BF4B-00C04F79EFBC}") = "MemeberAttendence", "MemeberAttendence\MemeberAttendence.csproj", "{8B2F6E20-3106-4CA5-BFB6-0FC4D83F6962}"
EndProject
Global
	GlobalSection(SolutionConfigurationPlatforms) = preSolution
		Debug|Any CPU = Debug|Any CPU
		Release|Any CPU = Release|Any CPU
	EndGlobalSection
	GlobalSection(ProjectConfigurationPlatforms) = postSolution
		{8B2F6E20-3106-4CA5-BFB6-0FC4D83F6962}.Debug|Any CPU.ActiveCfg = Debug|Any CPU
		{8B2F6E20-3106-4CA5-BFB6-0FC4D83F6962}.Debug|Any CPU.Build.0 = Debug|Any CPU
		{8B2F6E20-3106-4CA5-BFB6-0FC4D83F6962}.Release|Any CPU.ActiveCfg = Release|Any CPU
		{8B2F6E20-3106-4CA5-BFB6-0FC4D83F6962}.Release|Any CPU.Build.0 = Release|Any CPU
	EndGlobalSection
	GlobalSection(SolutionProperties) = preSolution
		HideSolutionNode = FALSE
	EndGlobalSection
	GlobalSection(ExtensibilityGlobals) = postSolution
		SolutionGuid = {AEC2D57B-BFE0-4E02-8938-8F98DAB50604}
	EndGlobalSection
EndGlobal
