
Microsoft Visual Studio Solution File, Format Version 12.00
# Visual Studio Version 17
VisualStudioVersion = 17.13.35919.96 d17.13
MinimumVisualStudioVersion = 10.0.40219.1
Project("{FAE04EC0-301F-11D3-BF4B-00C04F79EFBC}") = "0407_계좌관리", "0407_계좌관리\0407_계좌관리.csproj", "{CCDE0B02-8470-41BC-967C-72E5987B5C90}"
EndProject
Global
	GlobalSection(SolutionConfigurationPlatforms) = preSolution
		Debug|Any CPU = Debug|Any CPU
		Release|Any CPU = Release|Any CPU
	EndGlobalSection
	GlobalSection(ProjectConfigurationPlatforms) = postSolution
		{CCDE0B02-8470-41BC-967C-72E5987B5C90}.Debug|Any CPU.ActiveCfg = Debug|Any CPU
		{CCDE0B02-8470-41BC-967C-72E5987B5C90}.Debug|Any CPU.Build.0 = Debug|Any CPU
		{CCDE0B02-8470-41BC-967C-72E5987B5C90}.Release|Any CPU.ActiveCfg = Release|Any CPU
		{CCDE0B02-8470-41BC-967C-72E5987B5C90}.Release|Any CPU.Build.0 = Release|Any CPU
	EndGlobalSection
	GlobalSection(SolutionProperties) = preSolution
		HideSolutionNode = FALSE
	EndGlobalSection
	GlobalSection(ExtensibilityGlobals) = postSolution
		SolutionGuid = {5CAE029F-E72B-48D5-AF98-627467CF3941}
	EndGlobalSection
EndGlobal
