
Microsoft Visual Studio Solution File, Format Version 12.00
# Visual Studio Version 17
VisualStudioVersion = 17.13.35919.96 d17.13
MinimumVisualStudioVersion = 10.0.40219.1
Project("{FAE04EC0-301F-11D3-BF4B-00C04F79EFBC}") = "0402_Netflix", "0402_Netflix\0402_Netflix.csproj", "{E486F63D-B43C-4D2D-8B47-1632F806F028}"
EndProject
Global
	GlobalSection(SolutionConfigurationPlatforms) = preSolution
		Debug|Any CPU = Debug|Any CPU
		Release|Any CPU = Release|Any CPU
	EndGlobalSection
	GlobalSection(ProjectConfigurationPlatforms) = postSolution
		{E486F63D-B43C-4D2D-8B47-1632F806F028}.Debug|Any CPU.ActiveCfg = Debug|Any CPU
		{E486F63D-B43C-4D2D-8B47-1632F806F028}.Debug|Any CPU.Build.0 = Debug|Any CPU
		{E486F63D-B43C-4D2D-8B47-1632F806F028}.Release|Any CPU.ActiveCfg = Release|Any CPU
		{E486F63D-B43C-4D2D-8B47-1632F806F028}.Release|Any CPU.Build.0 = Release|Any CPU
	EndGlobalSection
	GlobalSection(SolutionProperties) = preSolution
		HideSolutionNode = FALSE
	EndGlobalSection
	GlobalSection(ExtensibilityGlobals) = postSolution
		SolutionGuid = {1255800F-8489-4540-BC05-0D88386FABC7}
	EndGlobalSection
EndGlobal
