
Microsoft Visual Studio Solution File, Format Version 12.00
# Visual Studio Version 17
VisualStudioVersion = 17.13.35919.96 d17.13
MinimumVisualStudioVersion = 10.0.40219.1
Project("{FAE04EC0-301F-11D3-BF4B-00C04F79EFBC}") = "0421_OPENAPI사용", "0421_OPENAPI사용\0421_OPENAPI사용.csproj", "{1F715786-7A27-4CC0-9E66-D2875B2487AD}"
EndProject
Global
	GlobalSection(SolutionConfigurationPlatforms) = preSolution
		Debug|Any CPU = Debug|Any CPU
		Release|Any CPU = Release|Any CPU
	EndGlobalSection
	GlobalSection(ProjectConfigurationPlatforms) = postSolution
		{1F715786-7A27-4CC0-9E66-D2875B2487AD}.Debug|Any CPU.ActiveCfg = Debug|Any CPU
		{1F715786-7A27-4CC0-9E66-D2875B2487AD}.Debug|Any CPU.Build.0 = Debug|Any CPU
		{1F715786-7A27-4CC0-9E66-D2875B2487AD}.Release|Any CPU.ActiveCfg = Release|Any CPU
		{1F715786-7A27-4CC0-9E66-D2875B2487AD}.Release|Any CPU.Build.0 = Release|Any CPU
	EndGlobalSection
	GlobalSection(SolutionProperties) = preSolution
		HideSolutionNode = FALSE
	EndGlobalSection
	GlobalSection(ExtensibilityGlobals) = postSolution
		SolutionGuid = {A9DAABBE-692B-4C04-8D14-826754D296C1}
	EndGlobalSection
EndGlobal
