
Microsoft Visual Studio Solution File, Format Version 12.00
# Visual Studio Version 17
VisualStudioVersion = 17.13.35919.96 d17.13
MinimumVisualStudioVersion = 10.0.40219.1
Project("{FAE04EC0-301F-11D3-BF4B-00C04F79EFBC}") = "0418_test", "0418_test\0418_test.csproj", "{2A24523B-A61F-4311-A215-3D77D81260E1}"
EndProject
Global
	GlobalSection(SolutionConfigurationPlatforms) = preSolution
		Debug|Any CPU = Debug|Any CPU
		Release|Any CPU = Release|Any CPU
	EndGlobalSection
	GlobalSection(ProjectConfigurationPlatforms) = postSolution
		{2A24523B-A61F-4311-A215-3D77D81260E1}.Debug|Any CPU.ActiveCfg = Debug|Any CPU
		{2A24523B-A61F-4311-A215-3D77D81260E1}.Debug|Any CPU.Build.0 = Debug|Any CPU
		{2A24523B-A61F-4311-A215-3D77D81260E1}.Release|Any CPU.ActiveCfg = Release|Any CPU
		{2A24523B-A61F-4311-A215-3D77D81260E1}.Release|Any CPU.Build.0 = Release|Any CPU
	EndGlobalSection
	GlobalSection(SolutionProperties) = preSolution
		HideSolutionNode = FALSE
	EndGlobalSection
	GlobalSection(ExtensibilityGlobals) = postSolution
		SolutionGuid = {CA4B02E6-49F6-4902-A485-3669819D9C42}
	EndGlobalSection
EndGlobal
